// !$*UTF8*$!
{
	archiveVersion = 1;
	classes = {
	};
	objectVersion = 77;
	objects = {

/* Begin PBXBuildFile section */
		BD764DE92D425A3A008E94E5 /* AngkorLifeVoteApp.swift in Sources */ = {isa = PBXBuildFile; fileRef = BD764DE52D425A3A008E94E5 /* AngkorLifeVoteApp.swift */; };
		BD764DEA2D425A3A008E94E5 /* ContentView.swift in Sources */ = {isa = PBXBuildFile; fileRef = BD764DE72D425A3A008E94E5 /* ContentView.swift */; };
		BD764DEC2D425A3A008E94E5 /* Assets.xcassets in Resources */ = {isa = PBXBuildFile; fileRef = BD764DE62D425A3A008E94E5 /* Assets.xcassets */; };
		BD764DEF2D4260DF008E94E5 /* AppCoordinator.swift in Sources */ = {isa = PBXBuildFile; fileRef = BD764DEE2D4260DF008E94E5 /* AppCoordinator.swift */; };
		BD764DF22D42610D008E94E5 /* Coordinator.swift in Sources */ = {isa = PBXBuildFile; fileRef = BD764DF12D42610D008E94E5 /* Coordinator.swift */; };
		BD764DF42D42611C008E94E5 /* LoginCoordinator.swift in Sources */ = {isa = PBXBuildFile; fileRef = BD764DF32D42611C008E94E5 /* LoginCoordinator.swift */; };
		BD764DF62D426125008E94E5 /* MainCoordinator.swift in Sources */ = {isa = PBXBuildFile; fileRef = BD764DF52D426125008E94E5 /* MainCoordinator.swift */; };
		BD764DFB2D426140008E94E5 /* User.swift in Sources */ = {isa = PBXBuildFile; fileRef = BD764DFA2D426140008E94E5 /* User.swift */; };
		BD764DFE2D426154008E94E5 /* CandidateServiceProtocol.swift in Sources */ = {isa = PBXBuildFile; fileRef = BD764DFD2D426154008E94E5 /* CandidateServiceProtocol.swift */; };
		BD764E022D426176008E94E5 /* LoginView.swift in Sources */ = {isa = PBXBuildFile; fileRef = BD764E012D426176008E94E5 /* LoginView.swift */; };
		BD764E042D42617D008E94E5 /* LoginViewModel.swift in Sources */ = {isa = PBXBuildFile; fileRef = BD764E032D42617D008E94E5 /* LoginViewModel.swift */; };
		BD764E072D426189008E94E5 /* MainView.swift in Sources */ = {isa = PBXBuildFile; fileRef = BD764E062D426189008E94E5 /* MainView.swift */; };
		BD764E0C2D4261B3008E94E5 /* ProfileView.swift in Sources */ = {isa = PBXBuildFile; fileRef = BD764E0B2D4261B3008E94E5 /* ProfileView.swift */; };
		BD764E0E2D4261B9008E94E5 /* ProfileViewModel.swift in Sources */ = {isa = PBXBuildFile; fileRef = BD764E0D2D4261B9008E94E5 /* ProfileViewModel.swift */; };
		BD764E1F2D426BCB008E94E5 /* KantumruyPro-ExtraLightItalic.ttf in Resources */ = {isa = PBXBuildFile; fileRef = BD764E142D426BCB008E94E5 /* KantumruyPro-ExtraLightItalic.ttf */; };
		BD764E202D426BCB008E94E5 /* KantumruyPro-SemiBold.ttf in Resources */ = {isa = PBXBuildFile; fileRef = BD764E1B2D426BCB008E94E5 /* KantumruyPro-SemiBold.ttf */; };
		BD764E212D426BCB008E94E5 /* KantumruyPro-ExtraLight.ttf in Resources */ = {isa = PBXBuildFile; fileRef = BD764E132D426BCB008E94E5 /* KantumruyPro-ExtraLight.ttf */; };
		BD764E222D426BCB008E94E5 /* KantumruyPro-SemiBoldItalic.ttf in Resources */ = {isa = PBXBuildFile; fileRef = BD764E1C2D426BCB008E94E5 /* KantumruyPro-SemiBoldItalic.ttf */; };
		BD764E232D426BCB008E94E5 /* KantumruyPro-MediumItalic.ttf in Resources */ = {isa = PBXBuildFile; fileRef = BD764E192D426BCB008E94E5 /* KantumruyPro-MediumItalic.ttf */; };
		BD764E242D426BCB008E94E5 /* KantumruyPro-Thin.ttf in Resources */ = {isa = PBXBuildFile; fileRef = BD764E1D2D426BCB008E94E5 /* KantumruyPro-Thin.ttf */; };
		BD764E252D426BCB008E94E5 /* KantumruyPro-LightItalic.ttf in Resources */ = {isa = PBXBuildFile; fileRef = BD764E172D426BCB008E94E5 /* KantumruyPro-LightItalic.ttf */; };
		BD764E262D426BCB008E94E5 /* KantumruyPro-Light.ttf in Resources */ = {isa = PBXBuildFile; fileRef = BD764E162D426BCB008E94E5 /* KantumruyPro-Light.ttf */; };
		BD764E272D426BCB008E94E5 /* KantumruyPro-ThinItalic.ttf in Resources */ = {isa = PBXBuildFile; fileRef = BD764E1E2D426BCB008E94E5 /* KantumruyPro-ThinItalic.ttf */; };
		BD764E282D426BCB008E94E5 /* KantumruyPro-Medium.ttf in Resources */ = {isa = PBXBuildFile; fileRef = BD764E182D426BCB008E94E5 /* KantumruyPro-Medium.ttf */; };
		BD764E292D426BCB008E94E5 /* KantumruyPro-Bold.ttf in Resources */ = {isa = PBXBuildFile; fileRef = BD764E112D426BCB008E94E5 /* KantumruyPro-Bold.ttf */; };
		BD764E2A2D426BCB008E94E5 /* KantumruyPro-Italic.ttf in Resources */ = {isa = PBXBuildFile; fileRef = BD764E152D426BCB008E94E5 /* KantumruyPro-Italic.ttf */; };
		BD764E2B2D426BCB008E94E5 /* KantumruyPro-Regular.ttf in Resources */ = {isa = PBXBuildFile; fileRef = BD764E1A2D426BCB008E94E5 /* KantumruyPro-Regular.ttf */; };
		BD764E2C2D426BCB008E94E5 /* KantumruyPro-BoldItalic.ttf in Resources */ = {isa = PBXBuildFile; fileRef = BD764E122D426BCB008E94E5 /* KantumruyPro-BoldItalic.ttf */; };
		BD764E302D432381008E94E5 /* Font+Extension.swift in Sources */ = {isa = PBXBuildFile; fileRef = BD764E2F2D432381008E94E5 /* Font+Extension.swift */; };
		BD764E322D435FC4008E94E5 /* Color+Extension.swift in Sources */ = {isa = PBXBuildFile; fileRef = BD764E312D435FC4008E94E5 /* Color+Extension.swift */; };
		BD764E342D436C06008E94E5 /* UserSession.swift in Sources */ = {isa = PBXBuildFile; fileRef = BD764E332D436C06008E94E5 /* UserSession.swift */; };
		BD764E372D44B229008E94E5 /* CountDownView.swift in Sources */ = {isa = PBXBuildFile; fileRef = BD764E362D44B229008E94E5 /* CountDownView.swift */; };
		BD764E3A2D44B35A008E94E5 /* VotingInfoView.swift in Sources */ = {isa = PBXBuildFile; fileRef = BD764E392D44B35A008E94E5 /* VotingInfoView.swift */; };
		BD764E3D2D450CFF008E94E5 /* CandidateItem.swift in Sources */ = {isa = PBXBuildFile; fileRef = BD764E3C2D450CFF008E94E5 /* CandidateItem.swift */; };
		BD764E3F2D450D35008E94E5 /* CandidateListResponse.swift in Sources */ = {isa = PBXBuildFile; fileRef = BD764E3E2D450D35008E94E5 /* CandidateListResponse.swift */; };
		BD764E412D451D05008E94E5 /* CandidateService.swift in Sources */ = {isa = PBXBuildFile; fileRef = BD764E402D451D05008E94E5 /* CandidateService.swift */; };
		BD764E432D451F49008E94E5 /* VoteAPI.swift in Sources */ = {isa = PBXBuildFile; fileRef = BD764E422D451F49008E94E5 /* VoteAPI.swift */; };
		BD764E462D452183008E94E5 /* CandidateGridView.swift in Sources */ = {isa = PBXBuildFile; fileRef = BD764E452D452183008E94E5 /* CandidateGridView.swift */; };
		BD764E482D452190008E94E5 /* CandidateGridViewModel.swift in Sources */ = {isa = PBXBuildFile; fileRef = BD764E472D452190008E94E5 /* CandidateGridViewModel.swift */; };
		BD764E4A2D4527B9008E94E5 /* CandidateGridItemView.swift in Sources */ = {isa = PBXBuildFile; fileRef = BD764E492D4527B9008E94E5 /* CandidateGridItemView.swift */; };
		BD764E4C2D452B07008E94E5 /* Array+Extension.swift in Sources */ = {isa = PBXBuildFile; fileRef = BD764E4B2D452B07008E94E5 /* Array+Extension.swift */; };
		BD764E4E2D4673E6008E94E5 /* CandidateDetailView.swift in Sources */ = {isa = PBXBuildFile; fileRef = BD764E4D2D4673E6008E94E5 /* CandidateDetailView.swift */; };
		BD764E502D4748C9008E94E5 /* CandidateDetail.swift in Sources */ = {isa = PBXBuildFile; fileRef = BD764E4F2D4748C9008E94E5 /* CandidateDetail.swift */; };
		BD764E522D474907008E94E5 /* CandidateDetailViewModel.swift in Sources */ = {isa = PBXBuildFile; fileRef = BD764E512D474907008E94E5 /* CandidateDetailViewModel.swift */; };
		BD764E542D474A00008E94E5 /* CandidateDetailResponse.swift in Sources */ = {isa = PBXBuildFile; fileRef = BD764E532D474A00008E94E5 /* CandidateDetailResponse.swift */; };
		BD764E562D4778B9008E94E5 /* ToastView.swift in Sources */ = {isa = PBXBuildFile; fileRef = BD764E552D4778B9008E94E5 /* ToastView.swift */; };
		BD764E582D488D18008E94E5 /* CountDownViewModel.swift in Sources */ = {isa = PBXBuildFile; fileRef = BD764E572D488D18008E94E5 /* CountDownViewModel.swift */; };
		BD764E5C2D48D147008E94E5 /* CacheImage.swift in Sources */ = {isa = PBXBuildFile; fileRef = BD764E5B2D48D147008E94E5 /* CacheImage.swift */; };
		BD764E5E2D48D159008E94E5 /* ImageLoader.swift in Sources */ = {isa = PBXBuildFile; fileRef = BD764E5D2D48D159008E94E5 /* ImageLoader.swift */; };
/* End PBXBuildFile section */

/* Begin PBXFileReference section */
		BD764DD22D425A2F008E94E5 /* AngkorLifeVote.app */ = {isa = PBXFileReference; explicitFileType = wrapper.application; includeInIndex = 0; path = AngkorLifeVote.app; sourceTree = BUILT_PRODUCTS_DIR; };
		BD764DE52D425A3A008E94E5 /* AngkorLifeVoteApp.swift */ = {isa = PBXFileReference; lastKnownFileType = sourcecode.swift; path = AngkorLifeVoteApp.swift; sourceTree = "<group>"; };
		BD764DE62D425A3A008E94E5 /* Assets.xcassets */ = {isa = PBXFileReference; lastKnownFileType = folder.assetcatalog; path = Assets.xcassets; sourceTree = "<group>"; };
		BD764DE72D425A3A008E94E5 /* ContentView.swift */ = {isa = PBXFileReference; lastKnownFileType = sourcecode.swift; path = ContentView.swift; sourceTree = "<group>"; };
		BD764DEE2D4260DF008E94E5 /* AppCoordinator.swift */ = {isa = PBXFileReference; lastKnownFileType = sourcecode.swift; path = AppCoordinator.swift; sourceTree = "<group>"; };
		BD764DF12D42610D008E94E5 /* Coordinator.swift */ = {isa = PBXFileReference; lastKnownFileType = sourcecode.swift; path = Coordinator.swift; sourceTree = "<group>"; };
		BD764DF32D42611C008E94E5 /* LoginCoordinator.swift */ = {isa = PBXFileReference; lastKnownFileType = sourcecode.swift; path = LoginCoordinator.swift; sourceTree = "<group>"; };
		BD764DF52D426125008E94E5 /* MainCoordinator.swift */ = {isa = PBXFileReference; lastKnownFileType = sourcecode.swift; path = MainCoordinator.swift; sourceTree = "<group>"; };
		BD764DFA2D426140008E94E5 /* User.swift */ = {isa = PBXFileReference; lastKnownFileType = sourcecode.swift; path = User.swift; sourceTree = "<group>"; };
		BD764DFD2D426154008E94E5 /* CandidateServiceProtocol.swift */ = {isa = PBXFileReference; lastKnownFileType = sourcecode.swift; path = CandidateServiceProtocol.swift; sourceTree = "<group>"; };
		BD764E012D426176008E94E5 /* LoginView.swift */ = {isa = PBXFileReference; lastKnownFileType = sourcecode.swift; path = LoginView.swift; sourceTree = "<group>"; };
		BD764E032D42617D008E94E5 /* LoginViewModel.swift */ = {isa = PBXFileReference; lastKnownFileType = sourcecode.swift; path = LoginViewModel.swift; sourceTree = "<group>"; };
		BD764E062D426189008E94E5 /* MainView.swift */ = {isa = PBXFileReference; lastKnownFileType = sourcecode.swift; path = MainView.swift; sourceTree = "<group>"; };
		BD764E0B2D4261B3008E94E5 /* ProfileView.swift */ = {isa = PBXFileReference; lastKnownFileType = sourcecode.swift; path = ProfileView.swift; sourceTree = "<group>"; };
		BD764E0D2D4261B9008E94E5 /* ProfileViewModel.swift */ = {isa = PBXFileReference; lastKnownFileType = sourcecode.swift; path = ProfileViewModel.swift; sourceTree = "<group>"; };
		BD764E112D426BCB008E94E5 /* KantumruyPro-Bold.ttf */ = {isa = PBXFileReference; lastKnownFileType = file; path = "KantumruyPro-Bold.ttf"; sourceTree = "<group>"; };
		BD764E122D426BCB008E94E5 /* KantumruyPro-BoldItalic.ttf */ = {isa = PBXFileReference; lastKnownFileType = file; path = "KantumruyPro-BoldItalic.ttf"; sourceTree = "<group>"; };
		BD764E132D426BCB008E94E5 /* KantumruyPro-ExtraLight.ttf */ = {isa = PBXFileReference; lastKnownFileType = file; path = "KantumruyPro-ExtraLight.ttf"; sourceTree = "<group>"; };
		BD764E142D426BCB008E94E5 /* KantumruyPro-ExtraLightItalic.ttf */ = {isa = PBXFileReference; lastKnownFileType = file; path = "KantumruyPro-ExtraLightItalic.ttf"; sourceTree = "<group>"; };
		BD764E152D426BCB008E94E5 /* KantumruyPro-Italic.ttf */ = {isa = PBXFileReference; lastKnownFileType = file; path = "KantumruyPro-Italic.ttf"; sourceTree = "<group>"; };
		BD764E162D426BCB008E94E5 /* KantumruyPro-Light.ttf */ = {isa = PBXFileReference; lastKnownFileType = file; path = "KantumruyPro-Light.ttf"; sourceTree = "<group>"; };
		BD764E172D426BCB008E94E5 /* KantumruyPro-LightItalic.ttf */ = {isa = PBXFileReference; lastKnownFileType = file; path = "KantumruyPro-LightItalic.ttf"; sourceTree = "<group>"; };
		BD764E182D426BCB008E94E5 /* KantumruyPro-Medium.ttf */ = {isa = PBXFileReference; lastKnownFileType = file; path = "KantumruyPro-Medium.ttf"; sourceTree = "<group>"; };
		BD764E192D426BCB008E94E5 /* KantumruyPro-MediumItalic.ttf */ = {isa = PBXFileReference; lastKnownFileType = file; path = "KantumruyPro-MediumItalic.ttf"; sourceTree = "<group>"; };
		BD764E1A2D426BCB008E94E5 /* KantumruyPro-Regular.ttf */ = {isa = PBXFileReference; lastKnownFileType = file; path = "KantumruyPro-Regular.ttf"; sourceTree = "<group>"; };
		BD764E1B2D426BCB008E94E5 /* KantumruyPro-SemiBold.ttf */ = {isa = PBXFileReference; lastKnownFileType = file; path = "KantumruyPro-SemiBold.ttf"; sourceTree = "<group>"; };
		BD764E1C2D426BCB008E94E5 /* KantumruyPro-SemiBoldItalic.ttf */ = {isa = PBXFileReference; lastKnownFileType = file; path = "KantumruyPro-SemiBoldItalic.ttf"; sourceTree = "<group>"; };
		BD764E1D2D426BCB008E94E5 /* KantumruyPro-Thin.ttf */ = {isa = PBXFileReference; lastKnownFileType = file; path = "KantumruyPro-Thin.ttf"; sourceTree = "<group>"; };
		BD764E1E2D426BCB008E94E5 /* KantumruyPro-ThinItalic.ttf */ = {isa = PBXFileReference; lastKnownFileType = file; path = "KantumruyPro-ThinItalic.ttf"; sourceTree = "<group>"; };
		BD764E2D2D426C37008E94E5 /* Info.plist */ = {isa = PBXFileReference; lastKnownFileType = text.plist; path = Info.plist; sourceTree = "<group>"; };
		BD764E2F2D432381008E94E5 /* Font+Extension.swift */ = {isa = PBXFileReference; lastKnownFileType = sourcecode.swift; path = "Font+Extension.swift"; sourceTree = "<group>"; };
		BD764E312D435FC4008E94E5 /* Color+Extension.swift */ = {isa = PBXFileReference; lastKnownFileType = sourcecode.swift; path = "Color+Extension.swift"; sourceTree = "<group>"; };
		BD764E332D436C06008E94E5 /* UserSession.swift */ = {isa = PBXFileReference; lastKnownFileType = sourcecode.swift; path = UserSession.swift; sourceTree = "<group>"; };
		BD764E362D44B229008E94E5 /* CountDownView.swift */ = {isa = PBXFileReference; lastKnownFileType = sourcecode.swift; path = CountDownView.swift; sourceTree = "<group>"; };
		BD764E392D44B35A008E94E5 /* VotingInfoView.swift */ = {isa = PBXFileReference; lastKnownFileType = sourcecode.swift; path = VotingInfoView.swift; sourceTree = "<group>"; };
		BD764E3C2D450CFF008E94E5 /* CandidateItem.swift */ = {isa = PBXFileReference; lastKnownFileType = sourcecode.swift; path = CandidateItem.swift; sourceTree = "<group>"; };
		BD764E3E2D450D35008E94E5 /* CandidateListResponse.swift */ = {isa = PBXFileReference; lastKnownFileType = sourcecode.swift; path = CandidateListResponse.swift; sourceTree = "<group>"; };
		BD764E402D451D05008E94E5 /* CandidateService.swift */ = {isa = PBXFileReference; lastKnownFileType = sourcecode.swift; path = CandidateService.swift; sourceTree = "<group>"; };
		BD764E422D451F49008E94E5 /* VoteAPI.swift */ = {isa = PBXFileReference; lastKnownFileType = sourcecode.swift; path = VoteAPI.swift; sourceTree = "<group>"; };
		BD764E452D452183008E94E5 /* CandidateGridView.swift */ = {isa = PBXFileReference; lastKnownFileType = sourcecode.swift; path = CandidateGridView.swift; sourceTree = "<group>"; };
		BD764E472D452190008E94E5 /* CandidateGridViewModel.swift */ = {isa = PBXFileReference; lastKnownFileType = sourcecode.swift; path = CandidateGridViewModel.swift; sourceTree = "<group>"; };
		BD764E492D4527B9008E94E5 /* CandidateGridItemView.swift */ = {isa = PBXFileReference; lastKnownFileType = sourcecode.swift; path = CandidateGridItemView.swift; sourceTree = "<group>"; };
		BD764E4B2D452B07008E94E5 /* Array+Extension.swift */ = {isa = PBXFileReference; lastKnownFileType = sourcecode.swift; path = "Array+Extension.swift"; sourceTree = "<group>"; };
		BD764E4D2D4673E6008E94E5 /* CandidateDetailView.swift */ = {isa = PBXFileReference; lastKnownFileType = sourcecode.swift; path = CandidateDetailView.swift; sourceTree = "<group>"; };
		BD764E4F2D4748C9008E94E5 /* CandidateDetail.swift */ = {isa = PBXFileReference; lastKnownFileType = sourcecode.swift; path = CandidateDetail.swift; sourceTree = "<group>"; };
		BD764E512D474907008E94E5 /* CandidateDetailViewModel.swift */ = {isa = PBXFileReference; lastKnownFileType = sourcecode.swift; path = CandidateDetailViewModel.swift; sourceTree = "<group>"; };
		BD764E532D474A00008E94E5 /* CandidateDetailResponse.swift */ = {isa = PBXFileReference; lastKnownFileType = sourcecode.swift; path = CandidateDetailResponse.swift; sourceTree = "<group>"; };
		BD764E552D4778B9008E94E5 /* ToastView.swift */ = {isa = PBXFileReference; lastKnownFileType = sourcecode.swift; path = ToastView.swift; sourceTree = "<group>"; };
		BD764E572D488D18008E94E5 /* CountDownViewModel.swift */ = {isa = PBXFileReference; lastKnownFileType = sourcecode.swift; path = CountDownViewModel.swift; sourceTree = "<group>"; };
		BD764E5B2D48D147008E94E5 /* CacheImage.swift */ = {isa = PBXFileReference; lastKnownFileType = sourcecode.swift; path = CacheImage.swift; sourceTree = "<group>"; };
		BD764E5D2D48D159008E94E5 /* ImageLoader.swift */ = {isa = PBXFileReference; lastKnownFileType = sourcecode.swift; path = ImageLoader.swift; sourceTree = "<group>"; };
/* End PBXFileReference section */

/* Begin PBXFrameworksBuildPhase section */
		BD764DCF2D425A2F008E94E5 /* Frameworks */ = {
			isa = PBXFrameworksBuildPhase;
			buildActionMask = 2147483647;
			files = (
			);
			runOnlyForDeploymentPostprocessing = 0;
		};
/* End PBXFrameworksBuildPhase section */

/* Begin PBXGroup section */
		BD764DC92D425A2F008E94E5 = {
			isa = PBXGroup;
			children = (
				BD764DE82D425A3A008E94E5 /* AngkorLifeVote */,
				BD764DD32D425A2F008E94E5 /* Products */,
			);
			sourceTree = "<group>";
		};
		BD764DD32D425A2F008E94E5 /* Products */ = {
			isa = PBXGroup;
			children = (
				BD764DD22D425A2F008E94E5 /* AngkorLifeVote.app */,
			);
			name = Products;
			sourceTree = "<group>";
		};
		BD764DE82D425A3A008E94E5 /* AngkorLifeVote */ = {
			isa = PBXGroup;
			children = (
				BD764E2D2D426C37008E94E5 /* Info.plist */,
				BD764DED2D4260CD008E94E5 /* App */,
				BD764DF02D4260F7008E94E5 /* Coordinators */,
				BD764DF92D426134008E94E5 /* Models */,
				BD764DFC2D426144008E94E5 /* Services */,
				BD764DFF2D42615C008E94E5 /* Scenes */,
				BD764DE72D425A3A008E94E5 /* ContentView.swift */,
				BD764E0F2D4261CA008E94E5 /* Resources */,
				BD764E2E2D432370008E94E5 /* Utils */,
			);
			path = AngkorLifeVote;
			sourceTree = "<group>";
		};
		BD764DED2D4260CD008E94E5 /* App */ = {
			isa = PBXGroup;
			children = (
				BD764DE52D425A3A008E94E5 /* AngkorLifeVoteApp.swift */,
				BD764DEE2D4260DF008E94E5 /* AppCoordinator.swift */,
				BD764E332D436C06008E94E5 /* UserSession.swift */,
			);
			path = App;
			sourceTree = "<group>";
		};
		BD764DF02D4260F7008E94E5 /* Coordinators */ = {
			isa = PBXGroup;
			children = (
				BD764DF12D42610D008E94E5 /* Coordinator.swift */,
				BD764DF32D42611C008E94E5 /* LoginCoordinator.swift */,
				BD764DF52D426125008E94E5 /* MainCoordinator.swift */,
			);
			path = Coordinators;
			sourceTree = "<group>";
		};
		BD764DF92D426134008E94E5 /* Models */ = {
			isa = PBXGroup;
			children = (
				BD764E3B2D450CF3008E94E5 /* Candiate */,
				BD764DFA2D426140008E94E5 /* User.swift */,
			);
			path = Models;
			sourceTree = "<group>";
		};
		BD764DFC2D426144008E94E5 /* Services */ = {
			isa = PBXGroup;
			children = (
				BD764DFD2D426154008E94E5 /* CandidateServiceProtocol.swift */,
				BD764E402D451D05008E94E5 /* CandidateService.swift */,
				BD764E422D451F49008E94E5 /* VoteAPI.swift */,
			);
			path = Services;
			sourceTree = "<group>";
		};
		BD764DFF2D42615C008E94E5 /* Scenes */ = {
			isa = PBXGroup;
			children = (
				BD764E002D42616E008E94E5 /* Login */,
				BD764E052D426182008E94E5 /* Main */,
				BD764E0A2D4261A0008E94E5 /* Profile */,
				BD764E552D4778B9008E94E5 /* ToastView.swift */,
			);
			path = Scenes;
			sourceTree = "<group>";
		};
		BD764E002D42616E008E94E5 /* Login */ = {
			isa = PBXGroup;
			children = (
				BD764E012D426176008E94E5 /* LoginView.swift */,
				BD764E032D42617D008E94E5 /* LoginViewModel.swift */,
			);
			path = Login;
			sourceTree = "<group>";
		};
		BD764E052D426182008E94E5 /* Main */ = {
			isa = PBXGroup;
			children = (
				BD764E442D452173008E94E5 /* Candidate */,
				BD764E382D44B346008E94E5 /* VotingInfo */,
				BD764E352D44B20F008E94E5 /* CountDown */,
				BD764E062D426189008E94E5 /* MainView.swift */,
			);
			path = Main;
			sourceTree = "<group>";
		};
		BD764E0A2D4261A0008E94E5 /* Profile */ = {
			isa = PBXGroup;
			children = (
				BD764E0B2D4261B3008E94E5 /* ProfileView.swift */,
				BD764E0D2D4261B9008E94E5 /* ProfileViewModel.swift */,
			);
			path = Profile;
			sourceTree = "<group>";
		};
		BD764E0F2D4261CA008E94E5 /* Resources */ = {
			isa = PBXGroup;
			children = (
				BD764DE62D425A3A008E94E5 /* Assets.xcassets */,
				BD764E102D426B68008E94E5 /* Font */,
			);
			path = Resources;
			sourceTree = "<group>";
		};
		BD764E102D426B68008E94E5 /* Font */ = {
			isa = PBXGroup;
			children = (
				BD764E112D426BCB008E94E5 /* KantumruyPro-Bold.ttf */,
				BD764E122D426BCB008E94E5 /* KantumruyPro-BoldItalic.ttf */,
				BD764E132D426BCB008E94E5 /* KantumruyPro-ExtraLight.ttf */,
				BD764E142D426BCB008E94E5 /* KantumruyPro-ExtraLightItalic.ttf */,
				BD764E152D426BCB008E94E5 /* KantumruyPro-Italic.ttf */,
				BD764E162D426BCB008E94E5 /* KantumruyPro-Light.ttf */,
				BD764E172D426BCB008E94E5 /* KantumruyPro-LightItalic.ttf */,
				BD764E182D426BCB008E94E5 /* KantumruyPro-Medium.ttf */,
				BD764E192D426BCB008E94E5 /* KantumruyPro-MediumItalic.ttf */,
				BD764E1A2D426BCB008E94E5 /* KantumruyPro-Regular.ttf */,
				BD764E1B2D426BCB008E94E5 /* KantumruyPro-SemiBold.ttf */,
				BD764E1C2D426BCB008E94E5 /* KantumruyPro-SemiBoldItalic.ttf */,
				BD764E1D2D426BCB008E94E5 /* KantumruyPro-Thin.ttf */,
				BD764E1E2D426BCB008E94E5 /* KantumruyPro-ThinItalic.ttf */,
			);
			path = Font;
			sourceTree = "<group>";
		};
		BD764E2E2D432370008E94E5 /* Utils */ = {
			isa = PBXGroup;
			children = (
				BD764E2F2D432381008E94E5 /* Font+Extension.swift */,
				BD764E312D435FC4008E94E5 /* Color+Extension.swift */,
				BD764E4B2D452B07008E94E5 /* Array+Extension.swift */,
				BD764E5B2D48D147008E94E5 /* CacheImage.swift */,
				BD764E5D2D48D159008E94E5 /* ImageLoader.swift */,
			);
			path = Utils;
			sourceTree = "<group>";
		};
		BD764E352D44B20F008E94E5 /* CountDown */ = {
			isa = PBXGroup;
			children = (
				BD764E362D44B229008E94E5 /* CountDownView.swift */,
				BD764E572D488D18008E94E5 /* CountDownViewModel.swift */,
			);
			path = CountDown;
			sourceTree = "<group>";
		};
		BD764E382D44B346008E94E5 /* VotingInfo */ = {
			isa = PBXGroup;
			children = (
				BD764E392D44B35A008E94E5 /* VotingInfoView.swift */,
			);
			path = VotingInfo;
			sourceTree = "<group>";
		};
		BD764E3B2D450CF3008E94E5 /* Candiate */ = {
			isa = PBXGroup;
			children = (
				BD764E3C2D450CFF008E94E5 /* CandidateItem.swift */,
				BD764E3E2D450D35008E94E5 /* CandidateListResponse.swift */,
				BD764E4F2D4748C9008E94E5 /* CandidateDetail.swift */,
				BD764E532D474A00008E94E5 /* CandidateDetailResponse.swift */,
			);
			path = Candiate;
			sourceTree = "<group>";
		};
		BD764E442D452173008E94E5 /* Candidate */ = {
			isa = PBXGroup;
			children = (
				BD764E492D4527B9008E94E5 /* CandidateGridItemView.swift */,
				BD764E452D452183008E94E5 /* CandidateGridView.swift */,
				BD764E472D452190008E94E5 /* CandidateGridViewModel.swift */,
				BD764E4D2D4673E6008E94E5 /* CandidateDetailView.swift */,
				BD764E512D474907008E94E5 /* CandidateDetailViewModel.swift */,
			);
			path = Candidate;
			sourceTree = "<group>";
		};
/* End PBXGroup section */

/* Begin PBXNativeTarget section */
		BD764DD12D425A2F008E94E5 /* AngkorLifeVote */ = {
			isa = PBXNativeTarget;
			buildConfigurationList = BD764DE02D425A31008E94E5 /* Build configuration list for PBXNativeTarget "AngkorLifeVote" */;
			buildPhases = (
				BD764DCE2D425A2F008E94E5 /* Sources */,
				BD764DCF2D425A2F008E94E5 /* Frameworks */,
				BD764DD02D425A2F008E94E5 /* Resources */,
			);
			buildRules = (
			);
			dependencies = (
			);
			name = AngkorLifeVote;
			packageProductDependencies = (
			);
			productName = AngkorLifeVote;
			productReference = BD764DD22D425A2F008E94E5 /* AngkorLifeVote.app */;
			productType = "com.apple.product-type.application";
		};
/* End PBXNativeTarget section */

/* Begin PBXProject section */
		BD764DCA2D425A2F008E94E5 /* Project object */ = {
			isa = PBXProject;
			attributes = {
				BuildIndependentTargetsInParallel = 1;
				LastSwiftUpdateCheck = 1620;
				LastUpgradeCheck = 1620;
				TargetAttributes = {
					BD764DD12D425A2F008E94E5 = {
						CreatedOnToolsVersion = 16.2;
					};
				};
			};
			buildConfigurationList = BD764DCD2D425A2F008E94E5 /* Build configuration list for PBXProject "AngkorLifeVote" */;
			developmentRegion = en;
			hasScannedForEncodings = 0;
			knownRegions = (
				en,
				Base,
			);
			mainGroup = BD764DC92D425A2F008E94E5;
			minimizedProjectReferenceProxies = 1;
			preferredProjectObjectVersion = 77;
			productRefGroup = BD764DD32D425A2F008E94E5 /* Products */;
			projectDirPath = "";
			projectRoot = "";
			targets = (
				BD764DD12D425A2F008E94E5 /* AngkorLifeVote */,
			);
		};
/* End PBXProject section */

/* Begin PBXResourcesBuildPhase section */
		BD764DD02D425A2F008E94E5 /* Resources */ = {
			isa = PBXResourcesBuildPhase;
			buildActionMask = 2147483647;
			files = (
				BD764DEC2D425A3A008E94E5 /* Assets.xcassets in Resources */,
				BD764E1F2D426BCB008E94E5 /* KantumruyPro-ExtraLightItalic.ttf in Resources */,
				BD764E202D426BCB008E94E5 /* KantumruyPro-SemiBold.ttf in Resources */,
				BD764E212D426BCB008E94E5 /* KantumruyPro-ExtraLight.ttf in Resources */,
				BD764E222D426BCB008E94E5 /* KantumruyPro-SemiBoldItalic.ttf in Resources */,
				BD764E232D426BCB008E94E5 /* KantumruyPro-MediumItalic.ttf in Resources */,
				BD764E242D426BCB008E94E5 /* KantumruyPro-Thin.ttf in Resources */,
				BD764E252D426BCB008E94E5 /* KantumruyPro-LightItalic.ttf in Resources */,
				BD764E262D426BCB008E94E5 /* KantumruyPro-Light.ttf in Resources */,
				BD764E272D426BCB008E94E5 /* KantumruyPro-ThinItalic.ttf in Resources */,
				BD764E282D426BCB008E94E5 /* KantumruyPro-Medium.ttf in Resources */,
				BD764E292D426BCB008E94E5 /* KantumruyPro-Bold.ttf in Resources */,
				BD764E2A2D426BCB008E94E5 /* KantumruyPro-Italic.ttf in Resources */,
				BD764E2B2D426BCB008E94E5 /* KantumruyPro-Regular.ttf in Resources */,
				BD764E2C2D426BCB008E94E5 /* KantumruyPro-BoldItalic.ttf in Resources */,
			);
			runOnlyForDeploymentPostprocessing = 0;
		};
/* End PBXResourcesBuildPhase section */

/* Begin PBXSourcesBuildPhase section */
		BD764DCE2D425A2F008E94E5 /* Sources */ = {
			isa = PBXSourcesBuildPhase;
			buildActionMask = 2147483647;
			files = (
				BD764E582D488D18008E94E5 /* CountDownViewModel.swift in Sources */,
				BD764E482D452190008E94E5 /* CandidateGridViewModel.swift in Sources */,
				BD764E372D44B229008E94E5 /* CountDownView.swift in Sources */,
				BD764DF22D42610D008E94E5 /* Coordinator.swift in Sources */,
				BD764E072D426189008E94E5 /* MainView.swift in Sources */,
				BD764E4E2D4673E6008E94E5 /* CandidateDetailView.swift in Sources */,
				BD764E042D42617D008E94E5 /* LoginViewModel.swift in Sources */,
				BD764E462D452183008E94E5 /* CandidateGridView.swift in Sources */,
				BD764DF62D426125008E94E5 /* MainCoordinator.swift in Sources */,
				BD764DE92D425A3A008E94E5 /* AngkorLifeVoteApp.swift in Sources */,
				BD764DFE2D426154008E94E5 /* CandidateServiceProtocol.swift in Sources */,
				BD764E4C2D452B07008E94E5 /* Array+Extension.swift in Sources */,
				BD764E3D2D450CFF008E94E5 /* CandidateItem.swift in Sources */,
				BD764E3F2D450D35008E94E5 /* CandidateListResponse.swift in Sources */,
				BD764E3A2D44B35A008E94E5 /* VotingInfoView.swift in Sources */,
				BD764E5C2D48D147008E94E5 /* CacheImage.swift in Sources */,
				BD764DFB2D426140008E94E5 /* User.swift in Sources */,
				BD764E4A2D4527B9008E94E5 /* CandidateGridItemView.swift in Sources */,
				BD764E0E2D4261B9008E94E5 /* ProfileViewModel.swift in Sources */,
				BD764DF42D42611C008E94E5 /* LoginCoordinator.swift in Sources */,
				BD764E412D451D05008E94E5 /* CandidateService.swift in Sources */,
				BD764E432D451F49008E94E5 /* VoteAPI.swift in Sources */,
				BD764DEA2D425A3A008E94E5 /* ContentView.swift in Sources */,
				BD764E542D474A00008E94E5 /* CandidateDetailResponse.swift in Sources */,
				BD764E022D426176008E94E5 /* LoginView.swift in Sources */,
				BD764E502D4748C9008E94E5 /* CandidateDetail.swift in Sources */,
				BD764E0C2D4261B3008E94E5 /* ProfileView.swift in Sources */,
				BD764E522D474907008E94E5 /* CandidateDetailViewModel.swift in Sources */,
				BD764E5E2D48D159008E94E5 /* ImageLoader.swift in Sources */,
				BD764E562D4778B9008E94E5 /* ToastView.swift in Sources */,
				BD764E322D435FC4008E94E5 /* Color+Extension.swift in Sources */,
				BD764E342D436C06008E94E5 /* UserSession.swift in Sources */,
				BD764E302D432381008E94E5 /* Font+Extension.swift in Sources */,
				BD764DEF2D4260DF008E94E5 /* AppCoordinator.swift in Sources */,
			);
			runOnlyForDeploymentPostprocessing = 0;
		};
/* End PBXSourcesBuildPhase section */

/* Begin XCBuildConfiguration section */
		BD764DDE2D425A31008E94E5 /* Debug */ = {
			isa = XCBuildConfiguration;
			buildSettings = {
				ALWAYS_SEARCH_USER_PATHS = NO;
				ASSETCATALOG_COMPILER_GENERATE_SWIFT_ASSET_SYMBOL_EXTENSIONS = YES;
				CLANG_ANALYZER_NONNULL = YES;
				CLANG_ANALYZER_NUMBER_OBJECT_CONVERSION = YES_AGGRESSIVE;
				CLANG_CXX_LANGUAGE_STANDARD = "gnu++20";
				CLANG_ENABLE_MODULES = YES;
				CLANG_ENABLE_OBJC_ARC = YES;
				CLANG_ENABLE_OBJC_WEAK = YES;
				CLANG_WARN_BLOCK_CAPTURE_AUTORELEASING = YES;
				CLANG_WARN_BOOL_CONVERSION = YES;
				CLANG_WARN_COMMA = YES;
				CLANG_WARN_CONSTANT_CONVERSION = YES;
				CLANG_WARN_DEPRECATED_OBJC_IMPLEMENTATIONS = YES;
				CLANG_WARN_DIRECT_OBJC_ISA_USAGE = YES_ERROR;
				CLANG_WARN_DOCUMENTATION_COMMENTS = YES;
				CLANG_WARN_EMPTY_BODY = YES;
				CLANG_WARN_ENUM_CONVERSION = YES;
				CLANG_WARN_INFINITE_RECURSION = YES;
				CLANG_WARN_INT_CONVERSION = YES;
				CLANG_WARN_NON_LITERAL_NULL_CONVERSION = YES;
				CLANG_WARN_OBJC_IMPLICIT_RETAIN_SELF = YES;
				CLANG_WARN_OBJC_LITERAL_CONVERSION = YES;
				CLANG_WARN_OBJC_ROOT_CLASS = YES_ERROR;
				CLANG_WARN_QUOTED_INCLUDE_IN_FRAMEWORK_HEADER = YES;
				CLANG_WARN_RANGE_LOOP_ANALYSIS = YES;
				CLANG_WARN_STRICT_PROTOTYPES = YES;
				CLANG_WARN_SUSPICIOUS_MOVE = YES;
				CLANG_WARN_UNGUARDED_AVAILABILITY = YES_AGGRESSIVE;
				CLANG_WARN_UNREACHABLE_CODE = YES;
				CLANG_WARN__DUPLICATE_METHOD_MATCH = YES;
				COPY_PHASE_STRIP = NO;
				DEBUG_INFORMATION_FORMAT = dwarf;
				ENABLE_STRICT_OBJC_MSGSEND = YES;
				ENABLE_TESTABILITY = YES;
				ENABLE_USER_SCRIPT_SANDBOXING = YES;
				GCC_C_LANGUAGE_STANDARD = gnu17;
				GCC_DYNAMIC_NO_PIC = NO;
				GCC_NO_COMMON_BLOCKS = YES;
				GCC_OPTIMIZATION_LEVEL = 0;
				GCC_PREPROCESSOR_DEFINITIONS = (
					"DEBUG=1",
					"$(inherited)",
				);
				GCC_WARN_64_TO_32_BIT_CONVERSION = YES;
				GCC_WARN_ABOUT_RETURN_TYPE = YES_ERROR;
				GCC_WARN_UNDECLARED_SELECTOR = YES;
				GCC_WARN_UNINITIALIZED_AUTOS = YES_AGGRESSIVE;
				GCC_WARN_UNUSED_FUNCTION = YES;
				GCC_WARN_UNUSED_VARIABLE = YES;
				IPHONEOS_DEPLOYMENT_TARGET = 15.6;
				LOCALIZATION_PREFERS_STRING_CATALOGS = YES;
				MTL_ENABLE_DEBUG_INFO = INCLUDE_SOURCE;
				MTL_FAST_MATH = YES;
				ONLY_ACTIVE_ARCH = YES;
				SDKROOT = iphoneos;
				SWIFT_ACTIVE_COMPILATION_CONDITIONS = "DEBUG $(inherited)";
				SWIFT_OPTIMIZATION_LEVEL = "-Onone";
			};
			name = Debug;
		};
		BD764DDF2D425A31008E94E5 /* Release */ = {
			isa = XCBuildConfiguration;
			buildSettings = {
				ALWAYS_SEARCH_USER_PATHS = NO;
				ASSETCATALOG_COMPILER_GENERATE_SWIFT_ASSET_SYMBOL_EXTENSIONS = YES;
				CLANG_ANALYZER_NONNULL = YES;
				CLANG_ANALYZER_NUMBER_OBJECT_CONVERSION = YES_AGGRESSIVE;
				CLANG_CXX_LANGUAGE_STANDARD = "gnu++20";
				CLANG_ENABLE_MODULES = YES;
				CLANG_ENABLE_OBJC_ARC = YES;
				CLANG_ENABLE_OBJC_WEAK = YES;
				CLANG_WARN_BLOCK_CAPTURE_AUTORELEASING = YES;
				CLANG_WARN_BOOL_CONVERSION = YES;
				CLANG_WARN_COMMA = YES;
				CLANG_WARN_CONSTANT_CONVERSION = YES;
				CLANG_WARN_DEPRECATED_OBJC_IMPLEMENTATIONS = YES;
				CLANG_WARN_DIRECT_OBJC_ISA_USAGE = YES_ERROR;
				CLANG_WARN_DOCUMENTATION_COMMENTS = YES;
				CLANG_WARN_EMPTY_BODY = YES;
				CLANG_WARN_ENUM_CONVERSION = YES;
				CLANG_WARN_INFINITE_RECURSION = YES;
				CLANG_WARN_INT_CONVERSION = YES;
				CLANG_WARN_NON_LITERAL_NULL_CONVERSION = YES;
				CLANG_WARN_OBJC_IMPLICIT_RETAIN_SELF = YES;
				CLANG_WARN_OBJC_LITERAL_CONVERSION = YES;
				CLANG_WARN_OBJC_ROOT_CLASS = YES_ERROR;
				CLANG_WARN_QUOTED_INCLUDE_IN_FRAMEWORK_HEADER = YES;
				CLANG_WARN_RANGE_LOOP_ANALYSIS = YES;
				CLANG_WARN_STRICT_PROTOTYPES = YES;
				CLANG_WARN_SUSPICIOUS_MOVE = YES;
				CLANG_WARN_UNGUARDED_AVAILABILITY = YES_AGGRESSIVE;
				CLANG_WARN_UNREACHABLE_CODE = YES;
				CLANG_WARN__DUPLICATE_METHOD_MATCH = YES;
				COPY_PHASE_STRIP = NO;
				DEBUG_INFORMATION_FORMAT = "dwarf-with-dsym";
				ENABLE_NS_ASSERTIONS = NO;
				ENABLE_STRICT_OBJC_MSGSEND = YES;
				ENABLE_USER_SCRIPT_SANDBOXING = YES;
				GCC_C_LANGUAGE_STANDARD = gnu17;
				GCC_NO_COMMON_BLOCKS = YES;
				GCC_WARN_64_TO_32_BIT_CONVERSION = YES;
				GCC_WARN_ABOUT_RETURN_TYPE = YES_ERROR;
				GCC_WARN_UNDECLARED_SELECTOR = YES;
				GCC_WARN_UNINITIALIZED_AUTOS = YES_AGGRESSIVE;
				GCC_WARN_UNUSED_FUNCTION = YES;
				GCC_WARN_UNUSED_VARIABLE = YES;
				IPHONEOS_DEPLOYMENT_TARGET = 15.6;
				LOCALIZATION_PREFERS_STRING_CATALOGS = YES;
				MTL_ENABLE_DEBUG_INFO = NO;
				MTL_FAST_MATH = YES;
				SDKROOT = iphoneos;
				SWIFT_COMPILATION_MODE = wholemodule;
				VALIDATE_PRODUCT = YES;
			};
			name = Release;
		};
		BD764DE12D425A31008E94E5 /* Debug */ = {
			isa = XCBuildConfiguration;
			buildSettings = {
				ASSETCATALOG_COMPILER_APPICON_NAME = AppIcon;
				ASSETCATALOG_COMPILER_GLOBAL_ACCENT_COLOR_NAME = AccentColor;
				CODE_SIGN_STYLE = Automatic;
				CURRENT_PROJECT_VERSION = 1;
				DEVELOPMENT_TEAM = U6NUHA5DNR;
				ENABLE_PREVIEWS = YES;
				GENERATE_INFOPLIST_FILE = YES;
				INFOPLIST_FILE = AngkorLifeVote/Info.plist;
				INFOPLIST_KEY_UIApplicationSceneManifest_Generation = YES;
				INFOPLIST_KEY_UIApplicationSupportsIndirectInputEvents = YES;
				INFOPLIST_KEY_UILaunchScreen_Generation = YES;
				INFOPLIST_KEY_UISupportedInterfaceOrientations_iPad = "UIInterfaceOrientationPortrait UIInterfaceOrientationPortraitUpsideDown UIInterfaceOrientationLandscapeLeft UIInterfaceOrientationLandscapeRight";
				INFOPLIST_KEY_UISupportedInterfaceOrientations_iPhone = "UIInterfaceOrientationPortrait UIInterfaceOrientationLandscapeLeft UIInterfaceOrientationLandscapeRight";
				IPHONEOS_DEPLOYMENT_TARGET = 15.0;
				LD_RUNPATH_SEARCH_PATHS = (
					"$(inherited)",
					"@executable_path/Frameworks",
				);
				MARKETING_VERSION = 1.0;
				PRODUCT_BUNDLE_IDENTIFIER = Union.AngkorLifeVote;
				PRODUCT_NAME = "$(TARGET_NAME)";
				SWIFT_EMIT_LOC_STRINGS = YES;
				SWIFT_VERSION = 5.0;
				TARGETED_DEVICE_FAMILY = "1,2";
			};
			name = Debug;
		};
		BD764DE22D425A31008E94E5 /* Release */ = {
			isa = XCBuildConfiguration;
			buildSettings = {
				ASSETCATALOG_COMPILER_APPICON_NAME = AppIcon;
				ASSETCATALOG_COMPILER_GLOBAL_ACCENT_COLOR_NAME = AccentColor;
				CODE_SIGN_STYLE = Automatic;
				CURRENT_PROJECT_VERSION = 1;
				DEVELOPMENT_TEAM = U6NUHA5DNR;
				ENABLE_PREVIEWS = YES;
				GENERATE_INFOPLIST_FILE = YES;
				INFOPLIST_FILE = AngkorLifeVote/Info.plist;
				INFOPLIST_KEY_UIApplicationSceneManifest_Generation = YES;
				INFOPLIST_KEY_UIApplicationSupportsIndirectInputEvents = YES;
				INFOPLIST_KEY_UILaunchScreen_Generation = YES;
				INFOPLIST_KEY_UISupportedInterfaceOrientations_iPad = "UIInterfaceOrientationPortrait UIInterfaceOrientationPortraitUpsideDown UIInterfaceOrientationLandscapeLeft UIInterfaceOrientationLandscapeRight";
				INFOPLIST_KEY_UISupportedInterfaceOrientations_iPhone = "UIInterfaceOrientationPortrait UIInterfaceOrientationLandscapeLeft UIInterfaceOrientationLandscapeRight";
				IPHONEOS_DEPLOYMENT_TARGET = 15.0;
				LD_RUNPATH_SEARCH_PATHS = (
					"$(inherited)",
					"@executable_path/Frameworks",
				);
				MARKETING_VERSION = 1.0;
				PRODUCT_BUNDLE_IDENTIFIER = Union.AngkorLifeVote;
				PRODUCT_NAME = "$(TARGET_NAME)";
				SWIFT_EMIT_LOC_STRINGS = YES;
				SWIFT_VERSION = 5.0;
				TARGETED_DEVICE_FAMILY = "1,2";
			};
			name = Release;
		};
/* End XCBuildConfiguration section */

/* Begin XCConfigurationList section */
		BD764DCD2D425A2F008E94E5 /* Build configuration list for PBXProject "AngkorLifeVote" */ = {
			isa = XCConfigurationList;
			buildConfigurations = (
				BD764DDE2D425A31008E94E5 /* Debug */,
				BD764DDF2D425A31008E94E5 /* Release */,
			);
			defaultConfigurationIsVisible = 0;
			defaultConfigurationName = Release;
		};
		BD764DE02D425A31008E94E5 /* Build configuration list for PBXNativeTarget "AngkorLifeVote" */ = {
			isa = XCConfigurationList;
			buildConfigurations = (
				BD764DE12D425A31008E94E5 /* Debug */,
				BD764DE22D425A31008E94E5 /* Release */,
			);
			defaultConfigurationIsVisible = 0;
			defaultConfigurationName = Release;
		};
/* End XCConfigurationList section */
	};
	rootObject = BD764DCA2D425A2F008E94E5 /* Project object */;
}
